// !$*UTF8*$!
{
	archiveVersion = 1;
	classes = {
	};
	objectVersion = 46;
	objects = {

/* Begin PBXBuildFile section */
		64F28CC41D306E2800DE3078 /* AppDelegate.swift in Sources */ = {isa = PBXBuildFile; fileRef = 64F28CC31D306E2800DE3078 /* AppDelegate.swift */; };
		64F28CC61D306E2800DE3078 /* ViewController.swift in Sources */ = {isa = PBXBuildFile; fileRef = 64F28CC51D306E2800DE3078 /* ViewController.swift */; };
		64F28CC91D306E2800DE3078 /* Main.storyboard in Resources */ = {isa = PBXBuildFile; fileRef = 64F28CC71D306E2800DE3078 /* Main.storyboard */; };
		64F28CCB1D306E2800DE3078 /* Assets.xcassets in Resources */ = {isa = PBXBuildFile; fileRef = 64F28CCA1D306E2800DE3078 /* Assets.xcassets */; };
		64F28CCE1D306E2800DE3078 /* LaunchScreen.storyboard in Resources */ = {isa = PBXBuildFile; fileRef = 64F28CCC1D306E2800DE3078 /* LaunchScreen.storyboard */; };
		64F28CD91D306E2800DE3078 /* DemoTests.swift in Sources */ = {isa = PBXBuildFile; fileRef = 64F28CD81D306E2800DE3078 /* DemoTests.swift */; };
		64F28CE41D306E2800DE3078 /* DemoUITests.swift in Sources */ = {isa = PBXBuildFile; fileRef = 64F28CE31D306E2800DE3078 /* DemoUITests.swift */; };
/* End PBXBuildFile section */

/* Begin PBXContainerItemProxy section */
		64F28CD51D306E2800DE3078 /* PBXContainerItemProxy */ = {
			isa = PBXContainerItemProxy;
			containerPortal = 64F28CB81D306E2800DE3078 /* Project object */;
			proxyType = 1;
			remoteGlobalIDString = 64F28CBF1D306E2800DE3078;
			remoteInfo = Demo;
		};
		64F28CE01D306E2800DE3078 /* PBXContainerItemProxy */ = {
			isa = PBXContainerItemProxy;
			containerPortal = 64F28CB81D306E2800DE3078 /* Project object */;
			proxyType = 1;
			remoteGlobalIDString = 64F28CBF1D306E2800DE3078;
			remoteInfo = Demo;
		};
/* End PBXContainerItemProxy section */

/* Begin PBXFileReference section */
		64F28CC01D306E2800DE3078 /* Demo.app */ = {isa = PBXFileReference; explicitFileType = wrapper.application; includeInIndex = 0; path = Demo.app; sourceTree = BUILT_PRODUCTS_DIR; };
		64F28CC31D306E2800DE3078 /* AppDelegate.swift */ = {isa = PBXFileReference; lastKnownFileType = sourcecode.swift; path = AppDelegate.swift; sourceTree = "<group>"; };
		64F28CC51D306E2800DE3078 /* ViewController.swift */ = {isa = PBXFileReference; lastKnownFileType = sourcecode.swift; path = ViewController.swift; sourceTree = "<group>"; };
		64F28CC81D306E2800DE3078 /* Base */ = {isa = PBXFileReference; lastKnownFileType = file.storyboard; name = Base; path = Base.lproj/Main.storyboard; sourceTree = "<group>"; };
		64F28CCA1D306E2800DE3078 /* Assets.xcassets */ = {isa = PBXFileReference; lastKnownFileType = folder.assetcatalog; path = Assets.xcassets; sourceTree = "<group>"; };
		64F28CCD1D306E2800DE3078 /* Base */ = {isa = PBXFileReference; lastKnownFileType = file.storyboard; name = Base; path = Base.lproj/LaunchScreen.storyboard; sourceTree = "<group>"; };
		64F28CCF1D306E2800DE3078 /* Info.plist */ = {isa = PBXFileReference; lastKnownFileType = text.plist.xml; path = Info.plist; sourceTree = "<group>"; };
		64F28CD41D306E2800DE3078 /* DemoTests.xctest */ = {isa = PBXFileReference; explicitFileType = wrapper.cfbundle; includeInIndex = 0; path = DemoTests.xctest; sourceTree = BUILT_PRODUCTS_DIR; };
		64F28CD81D306E2800DE3078 /* DemoTests.swift */ = {isa = PBXFileReference; lastKnownFileType = sourcecode.swift; path = DemoTests.swift; sourceTree = "<group>"; };
		64F28CDA1D306E2800DE3078 /* Info.plist */ = {isa = PBXFileReference; lastKnownFileType = text.plist.xml; path = Info.plist; sourceTree = "<group>"; };
		64F28CDF1D306E2800DE3078 /* DemoUITests.xctest */ = {isa = PBXFileReference; explicitFileType = wrapper.cfbundle; includeInIndex = 0; path = DemoUITests.xctest; sourceTree = BUILT_PRODUCTS_DIR; };
		64F28CE31D306E2800DE3078 /* DemoUITests.swift */ = {isa = PBXFileReference; lastKnownFileType = sourcecode.swift; path = DemoUITests.swift; sourceTree = "<group>"; };
		64F28CE51D306E2800DE3078 /* Info.plist */ = {isa = PBXFileReference; lastKnownFileType = text.plist.xml; path = Info.plist; sourceTree = "<group>"; };
/* End PBXFileReference section */

/* Begin PBXFrameworksBuildPhase section */
		64F28CBD1D306E2800DE3078 /* Frameworks */ = {
			isa = PBXFrameworksBuildPhase;
			buildActionMask = 2147483647;
			files = (
			);
			runOnlyForDeploymentPostprocessing = 0;
		};
		64F28CD11D306E2800DE3078 /* Frameworks */ = {
			isa = PBXFrameworksBuildPhase;
			buildActionMask = 2147483647;
			files = (
			);
			runOnlyForDeploymentPostprocessing = 0;
		};
		64F28CDC1D306E2800DE3078 /* Frameworks */ = {
			isa = PBXFrameworksBuildPhase;
			buildActionMask = 2147483647;
			files = (
			);
			runOnlyForDeploymentPostprocessing = 0;
		};
/* End PBXFrameworksBuildPhase section */

/* Begin PBXGroup section */
		64F28CB71D306E2800DE3078 = {
			isa = PBXGroup;
			children = (
				64F28CC21D306E2800DE3078 /* Demo */,
				64F28CD71D306E2800DE3078 /* DemoTests */,
				64F28CE21D306E2800DE3078 /* DemoUITests */,
				64F28CC11D306E2800DE3078 /* Products */,
			);
			sourceTree = "<group>";
		};
		64F28CC11D306E2800DE3078 /* Products */ = {
			isa = PBXGroup;
			children = (
				64F28CC01D306E2800DE3078 /* Demo.app */,
				64F28CD41D306E2800DE3078 /* DemoTests.xctest */,
				64F28CDF1D306E2800DE3078 /* DemoUITests.xctest */,
			);
			name = Products;
			sourceTree = "<group>";
		};
		64F28CC21D306E2800DE3078 /* Demo */ = {
			isa = PBXGroup;
			children = (
				64F28CC31D306E2800DE3078 /* AppDelegate.swift */,
				64F28CC51D306E2800DE3078 /* ViewController.swift */,
				64F28CC71D306E2800DE3078 /* Main.storyboard */,
				64F28CCA1D306E2800DE3078 /* Assets.xcassets */,
				64F28CCC1D306E2800DE3078 /* LaunchScreen.storyboard */,
				64F28CCF1D306E2800DE3078 /* Info.plist */,
			);
			path = Demo;
			sourceTree = "<group>";
		};
		64F28CD71D306E2800DE3078 /* DemoTests */ = {
			isa = PBXGroup;
			children = (
				64F28CD81D306E2800DE3078 /* DemoTests.swift */,
				64F28CDA1D306E2800DE3078 /* Info.plist */,
			);
			path = DemoTests;
			sourceTree = "<group>";
		};
		64F28CE21D306E2800DE3078 /* DemoUITests */ = {
			isa = PBXGroup;
			children = (
				64F28CE31D306E2800DE3078 /* DemoUITests.swift */,
				64F28CE51D306E2800DE3078 /* Info.plist */,
			);
			path = DemoUITests;
			sourceTree = "<group>";
		};
/* End PBXGroup section */

/* Begin PBXNativeTarget section */
		64F28CBF1D306E2800DE3078 /* Demo */ = {
			isa = PBXNativeTarget;
			buildConfigurationList = 64F28CE81D306E2800DE3078 /* Build configuration list for PBXNativeTarget "Demo" */;
			buildPhases = (
				64F28CBC1D306E2800DE3078 /* Sources */,
				64F28CBD1D306E2800DE3078 /* Frameworks */,
				64F28CBE1D306E2800DE3078 /* Resources */,
			);
			buildRules = (
			);
			dependencies = (
			);
			name = Demo;
			productName = Demo;
			productReference = 64F28CC01D306E2800DE3078 /* Demo.app */;
			productType = "com.apple.product-type.application";
		};
		64F28CD31D306E2800DE3078 /* DemoTests */ = {
			isa = PBXNativeTarget;
			buildConfigurationList = 64F28CEB1D306E2800DE3078 /* Build configuration list for PBXNativeTarget "DemoTests" */;
			buildPhases = (
				64F28CD01D306E2800DE3078 /* Sources */,
				64F28CD11D306E2800DE3078 /* Frameworks */,
				64F28CD21D306E2800DE3078 /* Resources */,
			);
			buildRules = (
			);
			dependencies = (
				64F28CD61D306E2800DE3078 /* PBXTargetDependency */,
			);
			name = DemoTests;
			productName = DemoTests;
			productReference = 64F28CD41D306E2800DE3078 /* DemoTests.xctest */;
			productType = "com.apple.product-type.bundle.unit-test";
		};
		64F28CDE1D306E2800DE3078 /* DemoUITests */ = {
			isa = PBXNativeTarget;
			buildConfigurationList = 64F28CEE1D306E2800DE3078 /* Build configuration list for PBXNativeTarget "DemoUITests" */;
			buildPhases = (
				64F28CDB1D306E2800DE3078 /* Sources */,
				64F28CDC1D306E2800DE3078 /* Frameworks */,
				64F28CDD1D306E2800DE3078 /* Resources */,
			);
			buildRules = (
			);
			dependencies = (
				64F28CE11D306E2800DE3078 /* PBXTargetDependency */,
			);
			name = DemoUITests;
			productName = DemoUITests;
			productReference = 64F28CDF1D306E2800DE3078 /* DemoUITests.xctest */;
			productType = "com.apple.product-type.bundle.ui-testing";
		};
/* End PBXNativeTarget section */

/* Begin PBXProject section */
		64F28CB81D306E2800DE3078 /* Project object */ = {
			isa = PBXProject;
			attributes = {
				LastSwiftUpdateCheck = 0730;
				LastUpgradeCheck = 0730;
				ORGANIZATIONNAME = "learn IOS 9";
				TargetAttributes = {
					64F28CBF1D306E2800DE3078 = {
						CreatedOnToolsVersion = 7.3.1;
					};
					64F28CD31D306E2800DE3078 = {
						CreatedOnToolsVersion = 7.3.1;
						TestTargetID = 64F28CBF1D306E2800DE3078;
					};
					64F28CDE1D306E2800DE3078 = {
						CreatedOnToolsVersion = 7.3.1;
						TestTargetID = 64F28CBF1D306E2800DE3078;
					};
				};
			};
			buildConfigurationList = 64F28CBB1D306E2800DE3078 /* Build configuration list for PBXProject "Demo" */;
			compatibilityVersion = "Xcode 3.2";
			developmentRegion = English;
			hasScannedForEncodings = 0;
			knownRegions = (
				en,
				Base,
			);
			mainGroup = 64F28CB71D306E2800DE3078;
			productRefGroup = 64F28CC11D306E2800DE3078 /* Products */;
			projectDirPath = "";
			projectRoot = "";
			targets = (
				64F28CBF1D306E2800DE3078 /* Demo */,
				64F28CD31D306E2800DE3078 /* DemoTests */,
				64F28CDE1D306E2800DE3078 /* DemoUITests */,
			);
		};
/* End PBXProject section */

/* Begin PBXResourcesBuildPhase section */
		64F28CBE1D306E2800DE3078 /* Resources */ = {
			isa = PBXResourcesBuildPhase;
			buildActionMask = 2147483647;
			files = (
				64F28CCE1D306E2800DE3078 /* LaunchScreen.storyboard in Resources */,
				64F28CCB1D306E2800DE3078 /* Assets.xcassets in Resources */,
				64F28CC91D306E2800DE3078 /* Main.storyboard in Resources */,
			);
			runOnlyForDeploymentPostprocessing = 0;
		};
		64F28CD21D306E2800DE3078 /* Resources */ = {
			isa = PBXResourcesBuildPhase;
			buildActionMask = 2147483647;
			files = (
			);
			runOnlyForDeploymentPostprocessing = 0;
		};
		64F28CDD1D306E2800DE3078 /* Resources */ = {
			isa = PBXResourcesBuildPhase;
			buildActionMask = 2147483647;
			files = (
			);
			runOnlyForDeploymentPostprocessing = 0;
		};
/* End PBXResourcesBuildPhase section */

/* Begin PBXSourcesBuildPhase section */
		64F28CBC1D306E2800DE3078 /* Sources */ = {
			isa = PBXSourcesBuildPhase;
			buildActionMask = 2147483647;
			files = (
				64F28CC61D306E2800DE3078 /* ViewController.swift in Sources */,
				64F28CC41D306E2800DE3078 /* AppDelegate.swift in Sources */,
			);
			runOnlyForDeploymentPostprocessing = 0;
		};
		64F28CD01D306E2800DE3078 /* Sources */ = {
			isa = PBXSourcesBuildPhase;
			buildActionMask = 2147483647;
			files = (
				64F28CD91D306E2800DE3078 /* DemoTests.swift in Sources */,
			);
			runOnlyForDeploymentPostprocessing = 0;
		};
		64F28CDB1D306E2800DE3078 /* Sources */ = {
			isa = PBXSourcesBuildPhase;
			buildActionMask = 2147483647;
			files = (
				64F28CE41D306E2800DE3078 /* DemoUITests.swift in Sources */,
			);
			runOnlyForDeploymentPostprocessing = 0;
		};
/* End PBXSourcesBuildPhase section */

/* Begin PBXTargetDependency section */
		64F28CD61D306E2800DE3078 /* PBXTargetDependency */ = {
			isa = PBXTargetDependency;
			target = 64F28CBF1D306E2800DE3078 /* Demo */;
			targetProxy = 64F28CD51D306E2800DE3078 /* PBXContainerItemProxy */;
		};
		64F28CE11D306E2800DE3078 /* PBXTargetDependency */ = {
			isa = PBXTargetDependency;
			target = 64F28CBF1D306E2800DE3078 /* Demo */;
			targetProxy = 64F28CE01D306E2800DE3078 /* PBXContainerItemProxy */;
		};
/* End PBXTargetDependency section */

/* Begin PBXVariantGroup section */
		64F28CC71D306E2800DE3078 /* Main.storyboard */ = {
			isa = PBXVariantGroup;
			children = (
				64F28CC81D306E2800DE3078 /* Base */,
			);
			name = Main.storyboard;
			sourceTree = "<group>";
		};
		64F28CCC1D306E2800DE3078 /* LaunchScreen.storyboard */ = {
			isa = PBXVariantGroup;
			children = (
				64F28CCD1D306E2800DE3078 /* Base */,
			);
			name = LaunchScreen.storyboard;
			sourceTree = "<group>";
		};
/* End PBXVariantGroup section */

/* Begin XCBuildConfiguration section */
		64F28CE61D306E2800DE3078 /* Debug */ = {
			isa = XCBuildConfiguration;
			buildSettings = {
				ALWAYS_SEARCH_USER_PATHS = NO;
				CLANG_ANALYZER_NONNULL = YES;
				CLANG_CXX_LANGUAGE_STANDARD = "gnu++0x";
				CLANG_CXX_LIBRARY = "libc++";
				CLANG_ENABLE_MODULES = YES;
				CLANG_ENABLE_OBJC_ARC = YES;
				CLANG_WARN_BOOL_CONVERSION = YES;
				CLANG_WARN_CONSTANT_CONVERSION = YES;
				CLANG_WARN_DIRECT_OBJC_ISA_USAGE = YES_ERROR;
				CLANG_WARN_EMPTY_BODY = YES;
				CLANG_WARN_ENUM_CONVERSION = YES;
				CLANG_WARN_INT_CONVERSION = YES;
				CLANG_WARN_OBJC_ROOT_CLASS = YES_ERROR;
				CLANG_WARN_UNREACHABLE_CODE = YES;
				CLANG_WARN__DUPLICATE_METHOD_MATCH = YES;
				"CODE_SIGN_IDENTITY[sdk=iphoneos*]" = "iPhone Developer";
				COPY_PHASE_STRIP = NO;
				DEBUG_INFORMATION_FORMAT = dwarf;
				ENABLE_STRICT_OBJC_MSGSEND = YES;
				ENABLE_TESTABILITY = YES;
				GCC_C_LANGUAGE_STANDARD = gnu99;
				GCC_DYNAMIC_NO_PIC = NO;
				GCC_NO_COMMON_BLOCKS = YES;
				GCC_OPTIMIZATION_LEVEL = 0;
				GCC_PREPROCESSOR_DEFINITIONS = (
					"DEBUG=1",
					"$(inherited)",
				);
				GCC_WARN_64_TO_32_BIT_CONVERSION = YES;
				GCC_WARN_ABOUT_RETURN_TYPE = YES_ERROR;
				GCC_WARN_UNDECLARED_SELECTOR = YES;
				GCC_WARN_UNINITIALIZED_AUTOS = YES_AGGRESSIVE;
				GCC_WARN_UNUSED_FUNCTION = YES;
				GCC_WARN_UNUSED_VARIABLE = YES;
				IPHONEOS_DEPLOYMENT_TARGET = 9.3;
				MTL_ENABLE_DEBUG_INFO = YES;
				ONLY_ACTIVE_ARCH = YES;
				SDKROOT = iphoneos;
				SWIFT_OPTIMIZATION_LEVEL = "-Onone";
			};
			name = Debug;
		};
		64F28CE71D306E2800DE3078 /* Release */ = {
			isa = XCBuildConfiguration;
			buildSettings = {
				ALWAYS_SEARCH_USER_PATHS = NO;
				CLANG_ANALYZER_NONNULL = YES;
				CLANG_CXX_LANGUAGE_STANDARD = "gnu++0x";
				CLANG_CXX_LIBRARY = "libc++";
				CLANG_ENABLE_MODULES = YES;
				CLANG_ENABLE_OBJC_ARC = YES;
				CLANG_WARN_BOOL_CONVERSION = YES;
				CLANG_WARN_CONSTANT_CONVERSION = YES;
				CLANG_WARN_DIRECT_OBJC_ISA_USAGE = YES_ERROR;
				CLANG_WARN_EMPTY_BODY = YES;
				CLANG_WARN_ENUM_CONVERSION = YES;
				CLANG_WARN_INT_CONVERSION = YES;
				CLANG_WARN_OBJC_ROOT_CLASS = YES_ERROR;
				CLANG_WARN_UNREACHABLE_CODE = YES;
				CLANG_WARN__DUPLICATE_METHOD_MATCH = YES;
				"CODE_SIGN_IDENTITY[sdk=iphoneos*]" = "iPhone Developer";
				COPY_PHASE_STRIP = NO;
				DEBUG_INFORMATION_FORMAT = "dwarf-with-dsym";
				ENABLE_NS_ASSERTIONS = NO;
				ENABLE_STRICT_OBJC_MSGSEND = YES;
				GCC_C_LANGUAGE_STANDARD = gnu99;
				GCC_NO_COMMON_BLOCKS = YES;
				GCC_WARN_64_TO_32_BIT_CONVERSION = YES;
				GCC_WARN_ABOUT_RETURN_TYPE = YES_ERROR;
				GCC_WARN_UNDECLARED_SELECTOR = YES;
				GCC_WARN_UNINITIALIZED_AUTOS = YES_AGGRESSIVE;
				GCC_WARN_UNUSED_FUNCTION = YES;
				GCC_WARN_UNUSED_VARIABLE = YES;
				IPHONEOS_DEPLOYMENT_TARGET = 9.3;
				MTL_ENABLE_DEBUG_INFO = NO;
				SDKROOT = iphoneos;
				VALIDATE_PRODUCT = YES;
			};
			name = Release;
		};
		64F28CE91D306E2800DE3078 /* Debug */ = {
			isa = XCBuildConfiguration;
			buildSettings = {
				ASSETCATALOG_COMPILER_APPICON_NAME = AppIcon;
				INFOPLIST_FILE = Demo/Info.plist;
				LD_RUNPATH_SEARCH_PATHS = "$(inherited) @executable_path/Frameworks";
				PRODUCT_BUNDLE_IDENTIFIER = edu.learning.Demo;
				PRODUCT_NAME = "$(TARGET_NAME)";
			};
			name = Debug;
		};
		64F28CEA1D306E2800DE3078 /* Release */ = {
			isa = XCBuildConfiguration;
			buildSettings = {
				ASSETCATALOG_COMPILER_APPICON_NAME = AppIcon;
				INFOPLIST_FILE = Demo/Info.plist;
				LD_RUNPATH_SEARCH_PATHS = "$(inherited) @executable_path/Frameworks";
				PRODUCT_BUNDLE_IDENTIFIER = edu.learning.Demo;
				PRODUCT_NAME = "$(TARGET_NAME)";
			};
			name = Release;
		};
		64F28CEC1D306E2800DE3078 /* Debug */ = {
			isa = XCBuildConfiguration;
			buildSettings = {
				BUNDLE_LOADER = "$(TEST_HOST)";
				INFOPLIST_FILE = DemoTests/Info.plist;
				LD_RUNPATH_SEARCH_PATHS = "$(inherited) @executable_path/Frameworks @loader_path/Frameworks";
				PRODUCT_BUNDLE_IDENTIFIER = edu.learning.DemoTests;
				PRODUCT_NAME = "$(TARGET_NAME)";
				TEST_HOST = "$(BUILT_PRODUCTS_DIR)/Demo.app/Demo";
			};
			name = Debug;
		};
		64F28CED1D306E2800DE3078 /* Release */ = {
			isa = XCBuildConfiguration;
			buildSettings = {
				BUNDLE_LOADER = "$(TEST_HOST)";
				INFOPLIST_FILE = DemoTests/Info.plist;
				LD_RUNPATH_SEARCH_PATHS = "$(inherited) @executable_path/Frameworks @loader_path/Frameworks";
				PRODUCT_BUNDLE_IDENTIFIER = edu.learning.DemoTests;
				PRODUCT_NAME = "$(TARGET_NAME)";
				TEST_HOST = "$(BUILT_PRODUCTS_DIR)/Demo.app/Demo";
			};
			name = Release;
		};
		64F28CEF1D306E2800DE3078 /* Debug */ = {
			isa = XCBuildConfiguration;
			buildSettings = {
				INFOPLIST_FILE = DemoUITests/Info.plist;
				LD_RUNPATH_SEARCH_PATHS = "$(inherited) @executable_path/Frameworks @loader_path/Frameworks";
				PRODUCT_BUNDLE_IDENTIFIER = edu.learning.DemoUITests;
				PRODUCT_NAME = "$(TARGET_NAME)";
				TEST_TARGET_NAME = Demo;
			};
			name = Debug;
		};
		64F28CF01D306E2800DE3078 /* Release */ = {
			isa = XCBuildConfiguration;
			buildSettings = {
				INFOPLIST_FILE = DemoUITests/Info.plist;
				LD_RUNPATH_SEARCH_PATHS = "$(inherited) @executable_path/Frameworks @loader_path/Frameworks";
				PRODUCT_BUNDLE_IDENTIFIER = edu.learning.DemoUITests;
				PRODUCT_NAME = "$(TARGET_NAME)";
				TEST_TARGET_NAME = Demo;
			};
			name = Release;
		};
/* End XCBuildConfiguration section */

/* Begin XCConfigurationList section */
		64F28CBB1D306E2800DE3078 /* Build configuration list for PBXProject "Demo" */ = {
			isa = XCConfigurationList;
			buildConfigurations = (
				64F28CE61D306E2800DE3078 /* Debug */,
				64F28CE71D306E2800DE3078 /* Release */,
			);
			defaultConfigurationIsVisible = 0;
			defaultConfigurationName = Release;
		};
		64F28CE81D306E2800DE3078 /* Build configuration list for PBXNativeTarget "Demo" */ = {
			isa = XCConfigurationList;
			buildConfigurations = (
				64F28CE91D306E2800DE3078 /* Debug */,
				64F28CEA1D306E2800DE3078 /* Release */,
			);
			defaultConfigurationIsVisible = 0;
		};
		64F28CEB1D306E2800DE3078 /* Build configuration list for PBXNativeTarget "DemoTests" */ = {
			isa = XCConfigurationList;
			buildConfigurations = (
				64F28CEC1D306E2800DE3078 /* Debug */,
				64F28CED1D306E2800DE3078 /* Release */,
			);
			defaultConfigurationIsVisible = 0;
		};
		64F28CEE1D306E2800DE3078 /* Build configuration list for PBXNativeTarget "DemoUITests" */ = {
			isa = XCConfigurationList;
			buildConfigurations = (
				64F28CEF1D306E2800DE3078 /* Debug */,
				64F28CF01D306E2800DE3078 /* Release */,
			);
			defaultConfigurationIsVisible = 0;
		};
/* End XCConfigurationList section */
	};
	rootObject = 64F28CB81D306E2800DE3078 /* Project object */;
}
